
Microsoft Visual Studio Solution File, Format Version 12.00
# Visual Studio Version 17
VisualStudioVersion = 17.2.32630.192
MinimumVisualStudioVersion = 10.0.40219.1
Project("{888888A0-9F3D-457C-B088-3A5042F75D52}") = "API", "API\API.pyproj", "{0C406C66-00DC-4EF3-946B-511B92B23889}"
EndProject
Global
	GlobalSection(SolutionConfigurationPlatforms) = preSolution
		Debug|Any CPU = Debug|Any CPU
		Release|Any CPU = Release|Any CPU
	EndGlobalSection
	GlobalSection(ProjectConfigurationPlatforms) = postSolution
		{0C406C66-00DC-4EF3-946B-511B92B23889}.Debug|Any CPU.ActiveCfg = Debug|Any CPU
		{0C406C66-00DC-4EF3-946B-511B92B23889}.Release|Any CPU.ActiveCfg = Release|Any CPU
	EndGlobalSection
	GlobalSection(SolutionProperties) = preSolution
		HideSolutionNode = FALSE
	EndGlobalSection
	GlobalSection(ExtensibilityGlobals) = postSolution
		SolutionGuid = {28BB56E1-B4DD-41B7-84F4-282199C70013}
	EndGlobalSection
EndGlobal
